// !$*UTF8*$!
{
	archiveVersion = 1;
	classes = {
	};
	objectVersion = 46;
	objects = {

/* Begin PBXBuildFile section */
		EC454DEB1977233A0089ED55 /* AppDelegate.swift in Sources */ = {isa = PBXBuildFile; fileRef = EC454DEA1977233A0089ED55 /* AppDelegate.swift */; };
		EC454DED1977233A0089ED55 /* ViewController.swift in Sources */ = {isa = PBXBuildFile; fileRef = EC454DEC1977233A0089ED55 /* ViewController.swift */; };
		EC454DF01977233A0089ED55 /* Main.storyboard in Resources */ = {isa = PBXBuildFile; fileRef = EC454DEE1977233A0089ED55 /* Main.storyboard */; };
		EC454DF21977233A0089ED55 /* Images.xcassets in Resources */ = {isa = PBXBuildFile; fileRef = EC454DF11977233A0089ED55 /* Images.xcassets */; };
		EC454DFE1977233A0089ED55 /* BeaconServerTests.swift in Sources */ = {isa = PBXBuildFile; fileRef = EC454DFD1977233A0089ED55 /* BeaconServerTests.swift */; };
/* End PBXBuildFile section */

/* Begin PBXContainerItemProxy section */
		EC454DF81977233A0089ED55 /* PBXContainerItemProxy */ = {
			isa = PBXContainerItemProxy;
			containerPortal = EC454DDD1977233A0089ED55 /* Project object */;
			proxyType = 1;
			remoteGlobalIDString = EC454DE41977233A0089ED55;
			remoteInfo = BeaconServer;
		};
/* End PBXContainerItemProxy section */

/* Begin PBXFileReference section */
		EC454DE51977233A0089ED55 /* BeaconServer.app */ = {isa = PBXFileReference; explicitFileType = wrapper.application; includeInIndex = 0; path = BeaconServer.app; sourceTree = BUILT_PRODUCTS_DIR; };
		EC454DE91977233A0089ED55 /* Info.plist */ = {isa = PBXFileReference; lastKnownFileType = text.plist.xml; path = Info.plist; sourceTree = "<group>"; };
		EC454DEA1977233A0089ED55 /* AppDelegate.swift */ = {isa = PBXFileReference; lastKnownFileType = sourcecode.swift; path = AppDelegate.swift; sourceTree = "<group>"; };
		EC454DEC1977233A0089ED55 /* ViewController.swift */ = {isa = PBXFileReference; lastKnownFileType = sourcecode.swift; path = ViewController.swift; sourceTree = "<group>"; };
		EC454DEF1977233A0089ED55 /* Base */ = {isa = PBXFileReference; lastKnownFileType = file.storyboard; name = Base; path = Base.lproj/Main.storyboard; sourceTree = "<group>"; };
		EC454DF11977233A0089ED55 /* Images.xcassets */ = {isa = PBXFileReference; lastKnownFileType = folder.assetcatalog; path = Images.xcassets; sourceTree = "<group>"; };
		EC454DF71977233A0089ED55 /* BeaconServerTests.xctest */ = {isa = PBXFileReference; explicitFileType = wrapper.cfbundle; includeInIndex = 0; path = BeaconServerTests.xctest; sourceTree = BUILT_PRODUCTS_DIR; };
		EC454DFC1977233A0089ED55 /* Info.plist */ = {isa = PBXFileReference; lastKnownFileType = text.plist.xml; path = Info.plist; sourceTree = "<group>"; };
		EC454DFD1977233A0089ED55 /* BeaconServerTests.swift */ = {isa = PBXFileReference; lastKnownFileType = sourcecode.swift; path = BeaconServerTests.swift; sourceTree = "<group>"; };
/* End PBXFileReference section */

/* Begin PBXFrameworksBuildPhase section */
		EC454DE21977233A0089ED55 /* Frameworks */ = {
			isa = PBXFrameworksBuildPhase;
			buildActionMask = 2147483647;
			files = (
			);
			runOnlyForDeploymentPostprocessing = 0;
		};
		EC454DF41977233A0089ED55 /* Frameworks */ = {
			isa = PBXFrameworksBuildPhase;
			buildActionMask = 2147483647;
			files = (
			);
			runOnlyForDeploymentPostprocessing = 0;
		};
/* End PBXFrameworksBuildPhase section */

/* Begin PBXGroup section */
		EC454DDC1977233A0089ED55 = {
			isa = PBXGroup;
			children = (
				EC454DE71977233A0089ED55 /* BeaconServer */,
				EC454DFA1977233A0089ED55 /* BeaconServerTests */,
				EC454DE61977233A0089ED55 /* Products */,
			);
			sourceTree = "<group>";
		};
		EC454DE61977233A0089ED55 /* Products */ = {
			isa = PBXGroup;
			children = (
				EC454DE51977233A0089ED55 /* BeaconServer.app */,
				EC454DF71977233A0089ED55 /* BeaconServerTests.xctest */,
			);
			name = Products;
			sourceTree = "<group>";
		};
		EC454DE71977233A0089ED55 /* BeaconServer */ = {
			isa = PBXGroup;
			children = (
				EC454DEA1977233A0089ED55 /* AppDelegate.swift */,
				EC454DEC1977233A0089ED55 /* ViewController.swift */,
				EC454DEE1977233A0089ED55 /* Main.storyboard */,
				EC454DF11977233A0089ED55 /* Images.xcassets */,
				EC454DE81977233A0089ED55 /* Supporting Files */,
			);
			path = BeaconServer;
			sourceTree = "<group>";
		};
		EC454DE81977233A0089ED55 /* Supporting Files */ = {
			isa = PBXGroup;
			children = (
				EC454DE91977233A0089ED55 /* Info.plist */,
			);
			name = "Supporting Files";
			sourceTree = "<group>";
		};
		EC454DFA1977233A0089ED55 /* BeaconServerTests */ = {
			isa = PBXGroup;
			children = (
				EC454DFD1977233A0089ED55 /* BeaconServerTests.swift */,
				EC454DFB1977233A0089ED55 /* Supporting Files */,
			);
			path = BeaconServerTests;
			sourceTree = "<group>";
		};
		EC454DFB1977233A0089ED55 /* Supporting Files */ = {
			isa = PBXGroup;
			children = (
				EC454DFC1977233A0089ED55 /* Info.plist */,
			);
			name = "Supporting Files";
			sourceTree = "<group>";
		};
/* End PBXGroup section */

/* Begin PBXNativeTarget section */
		EC454DE41977233A0089ED55 /* BeaconServer */ = {
			isa = PBXNativeTarget;
			buildConfigurationList = EC454E011977233A0089ED55 /* Build configuration list for PBXNativeTarget "BeaconServer" */;
			buildPhases = (
				EC454DE11977233A0089ED55 /* Sources */,
				EC454DE21977233A0089ED55 /* Frameworks */,
				EC454DE31977233A0089ED55 /* Resources */,
			);
			buildRules = (
			);
			dependencies = (
			);
			name = BeaconServer;
			productName = BeaconServer;
			productReference = EC454DE51977233A0089ED55 /* BeaconServer.app */;
			productType = "com.apple.product-type.application";
		};
		EC454DF61977233A0089ED55 /* BeaconServerTests */ = {
			isa = PBXNativeTarget;
			buildConfigurationList = EC454E041977233A0089ED55 /* Build configuration list for PBXNativeTarget "BeaconServerTests" */;
			buildPhases = (
				EC454DF31977233A0089ED55 /* Sources */,
				EC454DF41977233A0089ED55 /* Frameworks */,
				EC454DF51977233A0089ED55 /* Resources */,
			);
			buildRules = (
			);
			dependencies = (
				EC454DF91977233A0089ED55 /* PBXTargetDependency */,
			);
			name = BeaconServerTests;
			productName = BeaconServerTests;
			productReference = EC454DF71977233A0089ED55 /* BeaconServerTests.xctest */;
			productType = "com.apple.product-type.bundle.unit-test";
		};
/* End PBXNativeTarget section */

/* Begin PBXProject section */
		EC454DDD1977233A0089ED55 /* Project object */ = {
			isa = PBXProject;
			attributes = {
				LastUpgradeCheck = 0600;
				ORGANIZATIONNAME = "James Lorenzo";
				TargetAttributes = {
					EC454DE41977233A0089ED55 = {
						CreatedOnToolsVersion = 6.0;
					};
					EC454DF61977233A0089ED55 = {
						CreatedOnToolsVersion = 6.0;
						TestTargetID = EC454DE41977233A0089ED55;
					};
				};
			};
			buildConfigurationList = EC454DE01977233A0089ED55 /* Build configuration list for PBXProject "BeaconServer" */;
			compatibilityVersion = "Xcode 3.2";
			developmentRegion = English;
			hasScannedForEncodings = 0;
			knownRegions = (
				en,
				Base,
			);
			mainGroup = EC454DDC1977233A0089ED55;
			productRefGroup = EC454DE61977233A0089ED55 /* Products */;
			projectDirPath = "";
			projectRoot = "";
			targets = (
				EC454DE41977233A0089ED55 /* BeaconServer */,
				EC454DF61977233A0089ED55 /* BeaconServerTests */,
			);
		};
/* End PBXProject section */

/* Begin PBXResourcesBuildPhase section */
		EC454DE31977233A0089ED55 /* Resources */ = {
			isa = PBXResourcesBuildPhase;
			buildActionMask = 2147483647;
			files = (
				EC454DF01977233A0089ED55 /* Main.storyboard in Resources */,
				EC454DF21977233A0089ED55 /* Images.xcassets in Resources */,
			);
			runOnlyForDeploymentPostprocessing = 0;
		};
		EC454DF51977233A0089ED55 /* Resources */ = {
			isa = PBXResourcesBuildPhase;
			buildActionMask = 2147483647;
			files = (
			);
			runOnlyForDeploymentPostprocessing = 0;
		};
/* End PBXResourcesBuildPhase section */

/* Begin PBXSourcesBuildPhase section */
		EC454DE11977233A0089ED55 /* Sources */ = {
			isa = PBXSourcesBuildPhase;
			buildActionMask = 2147483647;
			files = (
				EC454DED1977233A0089ED55 /* ViewController.swift in Sources */,
				EC454DEB1977233A0089ED55 /* AppDelegate.swift in Sources */,
			);
			runOnlyForDeploymentPostprocessing = 0;
		};
		EC454DF31977233A0089ED55 /* Sources */ = {
			isa = PBXSourcesBuildPhase;
			buildActionMask = 2147483647;
			files = (
				EC454DFE1977233A0089ED55 /* BeaconServerTests.swift in Sources */,
			);
			runOnlyForDeploymentPostprocessing = 0;
		};
/* End PBXSourcesBuildPhase section */

/* Begin PBXTargetDependency section */
		EC454DF91977233A0089ED55 /* PBXTargetDependency */ = {
			isa = PBXTargetDependency;
			target = EC454DE41977233A0089ED55 /* BeaconServer */;
			targetProxy = EC454DF81977233A0089ED55 /* PBXContainerItemProxy */;
		};
/* End PBXTargetDependency section */

/* Begin PBXVariantGroup section */
		EC454DEE1977233A0089ED55 /* Main.storyboard */ = {
			isa = PBXVariantGroup;
			children = (
				EC454DEF1977233A0089ED55 /* Base */,
			);
			name = Main.storyboard;
			sourceTree = "<group>";
		};
/* End PBXVariantGroup section */

/* Begin XCBuildConfiguration section */
		EC454DFF1977233A0089ED55 /* Debug */ = {
			isa = XCBuildConfiguration;
			buildSettings = {
				ALWAYS_SEARCH_USER_PATHS = NO;
				CLANG_CXX_LANGUAGE_STANDARD = "gnu++0x";
				CLANG_CXX_LIBRARY = "libc++";
				CLANG_ENABLE_MODULES = YES;
				CLANG_ENABLE_OBJC_ARC = YES;
				CLANG_WARN_BOOL_CONVERSION = YES;
				CLANG_WARN_CONSTANT_CONVERSION = YES;
				CLANG_WARN_DIRECT_OBJC_ISA_USAGE = YES_ERROR;
				CLANG_WARN_EMPTY_BODY = YES;
				CLANG_WARN_ENUM_CONVERSION = YES;
				CLANG_WARN_INT_CONVERSION = YES;
				CLANG_WARN_OBJC_ROOT_CLASS = YES_ERROR;
				CLANG_WARN_UNREACHABLE_CODE = YES;
				CLANG_WARN__DUPLICATE_METHOD_MATCH = YES;
				"CODE_SIGN_IDENTITY[sdk=iphoneos*]" = "iPhone Developer";
				COPY_PHASE_STRIP = NO;
				ENABLE_STRICT_OBJC_MSGSEND = YES;
				GCC_C_LANGUAGE_STANDARD = gnu99;
				GCC_DYNAMIC_NO_PIC = NO;
				GCC_OPTIMIZATION_LEVEL = 0;
				GCC_PREPROCESSOR_DEFINITIONS = (
					"DEBUG=1",
					"$(inherited)",
				);
				GCC_SYMBOLS_PRIVATE_EXTERN = NO;
				GCC_WARN_64_TO_32_BIT_CONVERSION = YES;
				GCC_WARN_ABOUT_RETURN_TYPE = YES_ERROR;
				GCC_WARN_UNDECLARED_SELECTOR = YES;
				GCC_WARN_UNINITIALIZED_AUTOS = YES_AGGRESSIVE;
				GCC_WARN_UNUSED_FUNCTION = YES;
				GCC_WARN_UNUSED_VARIABLE = YES;
				IPHONEOS_DEPLOYMENT_TARGET = 8.0;
				MTL_ENABLE_DEBUG_INFO = YES;
				ONLY_ACTIVE_ARCH = YES;
				SDKROOT = iphoneos;
				SWIFT_OPTIMIZATION_LEVEL = "-Onone";
				TARGETED_DEVICE_FAMILY = "1,2";
			};
			name = Debug;
		};
		EC454E001977233A0089ED55 /* Release */ = {
			isa = XCBuildConfiguration;
			buildSettings = {
				ALWAYS_SEARCH_USER_PATHS = NO;
				CLANG_CXX_LANGUAGE_STANDARD = "gnu++0x";
				CLANG_CXX_LIBRARY = "libc++";
				CLANG_ENABLE_MODULES = YES;
				CLANG_ENABLE_OBJC_ARC = YES;
				CLANG_WARN_BOOL_CONVERSION = YES;
				CLANG_WARN_CONSTANT_CONVERSION = YES;
				CLANG_WARN_DIRECT_OBJC_ISA_USAGE = YES_ERROR;
				CLANG_WARN_EMPTY_BODY = YES;
				CLANG_WARN_ENUM_CONVERSION = YES;
				CLANG_WARN_INT_CONVERSION = YES;
				CLANG_WARN_OBJC_ROOT_CLASS = YES_ERROR;
				CLANG_WARN_UNREACHABLE_CODE = YES;
				CLANG_WARN__DUPLICATE_METHOD_MATCH = YES;
				"CODE_SIGN_IDENTITY[sdk=iphoneos*]" = "iPhone Developer";
				COPY_PHASE_STRIP = YES;
				ENABLE_NS_ASSERTIONS = NO;
				ENABLE_STRICT_OBJC_MSGSEND = YES;
				GCC_C_LANGUAGE_STANDARD = gnu99;
				GCC_WARN_64_TO_32_BIT_CONVERSION = YES;
				GCC_WARN_ABOUT_RETURN_TYPE = YES_ERROR;
				GCC_WARN_UNDECLARED_SELECTOR = YES;
				GCC_WARN_UNINITIALIZED_AUTOS = YES_AGGRESSIVE;
				GCC_WARN_UNUSED_FUNCTION = YES;
				GCC_WARN_UNUSED_VARIABLE = YES;
				IPHONEOS_DEPLOYMENT_TARGET = 8.0;
				MTL_ENABLE_DEBUG_INFO = NO;
				SDKROOT = iphoneos;
				TARGETED_DEVICE_FAMILY = "1,2";
				VALIDATE_PRODUCT = YES;
			};
			name = Release;
		};
		EC454E021977233A0089ED55 /* Debug */ = {
			isa = XCBuildConfiguration;
			buildSettings = {
				ASSETCATALOG_COMPILER_APPICON_NAME = AppIcon;
				ASSETCATALOG_COMPILER_LAUNCHIMAGE_NAME = LaunchImage;
				INFOPLIST_FILE = BeaconServer/Info.plist;
				LD_RUNPATH_SEARCH_PATHS = "$(inherited) @executable_path/Frameworks";
				PRODUCT_NAME = "$(TARGET_NAME)";
			};
			name = Debug;
		};
		EC454E031977233A0089ED55 /* Release */ = {
			isa = XCBuildConfiguration;
			buildSettings = {
				ASSETCATALOG_COMPILER_APPICON_NAME = AppIcon;
				ASSETCATALOG_COMPILER_LAUNCHIMAGE_NAME = LaunchImage;
				INFOPLIST_FILE = BeaconServer/Info.plist;
				LD_RUNPATH_SEARCH_PATHS = "$(inherited) @executable_path/Frameworks";
				PRODUCT_NAME = "$(TARGET_NAME)";
			};
			name = Release;
		};
		EC454E051977233A0089ED55 /* Debug */ = {
			isa = XCBuildConfiguration;
			buildSettings = {
				BUNDLE_LOADER = "$(BUILT_PRODUCTS_DIR)/BeaconServer.app/BeaconServer";
				FRAMEWORK_SEARCH_PATHS = (
					"$(SDKROOT)/Developer/Library/Frameworks",
					"$(inherited)",
				);
				GCC_PREPROCESSOR_DEFINITIONS = (
					"DEBUG=1",
					"$(inherited)",
				);
				INFOPLIST_FILE = BeaconServerTests/Info.plist;
				LD_RUNPATH_SEARCH_PATHS = "$(inherited) @executable_path/Frameworks @loader_path/Frameworks";
				PRODUCT_NAME = "$(TARGET_NAME)";
				TEST_HOST = "$(BUNDLE_LOADER)";
			};
			name = Debug;
		};
		EC454E061977233A0089ED55 /* Release */ = {
			isa = XCBuildConfiguration;
			buildSettings = {
				BUNDLE_LOADER = "$(BUILT_PRODUCTS_DIR)/BeaconServer.app/BeaconServer";
				FRAMEWORK_SEARCH_PATHS = (
					"$(SDKROOT)/Developer/Library/Frameworks",
					"$(inherited)",
				);
				INFOPLIST_FILE = BeaconServerTests/Info.plist;
				LD_RUNPATH_SEARCH_PATHS = "$(inherited) @executable_path/Frameworks @loader_path/Frameworks";
				PRODUCT_NAME = "$(TARGET_NAME)";
				TEST_HOST = "$(BUNDLE_LOADER)";
			};
			name = Release;
		};
/* End XCBuildConfiguration section */

/* Begin XCConfigurationList section */
		EC454DE01977233A0089ED55 /* Build configuration list for PBXProject "BeaconServer" */ = {
			isa = XCConfigurationList;
			buildConfigurations = (
				EC454DFF1977233A0089ED55 /* Debug */,
				EC454E001977233A0089ED55 /* Release */,
			);
			defaultConfigurationIsVisible = 0;
			defaultConfigurationName = Release;
		};
		EC454E011977233A0089ED55 /* Build configuration list for PBXNativeTarget "BeaconServer" */ = {
			isa = XCConfigurationList;
			buildConfigurations = (
				EC454E021977233A0089ED55 /* Debug */,
				EC454E031977233A0089ED55 /* Release */,
			);
			defaultConfigurationIsVisible = 0;
		};
		EC454E041977233A0089ED55 /* Build configuration list for PBXNativeTarget "BeaconServerTests" */ = {
			isa = XCConfigurationList;
			buildConfigurations = (
				EC454E051977233A0089ED55 /* Debug */,
				EC454E061977233A0089ED55 /* Release */,
			);
			defaultConfigurationIsVisible = 0;
		};
/* End XCConfigurationList section */
	};
	rootObject = EC454DDD1977233A0089ED55 /* Project object */;
}
